{
  "name": "servicenow-server-scoped-dts",
  "version": "0.1.0",
  "lockfileVersion": 1,
  "requires": true,
  "dependencies": {
    "@types/node": {
      "version": "8.10.56",
      "resolved": "https://registry.npmjs.org/@types/node/-/node-8.10.56.tgz",
      "integrity": "sha512-5yWs9hy3UWdandOgvmmPCNJ3jI5/o8syatQWOmiAO/9/PptOQ+0O2ANKHltFhE4MGCt/QiVkoxQFUbeha9Yf4w==",
      "dev": true
    },
    "typescript": {
      "version": "3.8.2",
      "resolved": "https://registry.npmjs.org/typescript/-/typescript-3.8.2.tgz",
      "integrity": "sha512-EgOVgL/4xfVrCMbhYKUQTdF37SQn4Iw73H5BgCrF1Abdun7Kwy/QZsE/ssAy0y4LxBbvua3PIbFsbRczWWnDdQ==",
      "dev": true
    }
  }
}
